// !$*UTF8*$!
{
	archiveVersion = 1;
	classes = {
	};
	objectVersion = 46;
	objects = {

/* Begin PBXBuildFile section */
		4136DC9AF78F18E8EB391CE6 /* Pods_ChatMessenger.framework in Frameworks */ = {isa = PBXBuildFile; fileRef = 763E7AA92FD13A34714D67F3 /* Pods_ChatMessenger.framework */; };
		A70B32201F55A7F2006D218E /* AppDelegate.swift in Sources */ = {isa = PBXBuildFile; fileRef = A70B321F1F55A7F2006D218E /* AppDelegate.swift */; };
		A70B32221F55A7F2006D218E /* ViewController.swift in Sources */ = {isa = PBXBuildFile; fileRef = A70B32211F55A7F2006D218E /* ViewController.swift */; };
		A70B32251F55A7F2006D218E /* Main.storyboard in Resources */ = {isa = PBXBuildFile; fileRef = A70B32231F55A7F2006D218E /* Main.storyboard */; };
		A70B32271F55A7F2006D218E /* Assets.xcassets in Resources */ = {isa = PBXBuildFile; fileRef = A70B32261F55A7F2006D218E /* Assets.xcassets */; };
		A70B322A1F55A7F2006D218E /* LaunchScreen.storyboard in Resources */ = {isa = PBXBuildFile; fileRef = A70B32281F55A7F2006D218E /* LaunchScreen.storyboard */; };
		A70B32321F55A80E006D218E /* Chat.swift in Sources */ = {isa = PBXBuildFile; fileRef = A70B32311F55A80E006D218E /* Chat.swift */; };
		A70B32341F55A971006D218E /* GoogleService-Info.plist in Resources */ = {isa = PBXBuildFile; fileRef = A70B32331F55A971006D218E /* GoogleService-Info.plist */; };
/* End PBXBuildFile section */

/* Begin PBXFileReference section */
		5D09751B48BCEC80010DEC97 /* Pods-ChatMessenger.debug.xcconfig */ = {isa = PBXFileReference; includeInIndex = 1; lastKnownFileType = text.xcconfig; name = "Pods-ChatMessenger.debug.xcconfig"; path = "Pods/Target Support Files/Pods-ChatMessenger/Pods-ChatMessenger.debug.xcconfig"; sourceTree = "<group>"; };
		763E7AA92FD13A34714D67F3 /* Pods_ChatMessenger.framework */ = {isa = PBXFileReference; explicitFileType = wrapper.framework; includeInIndex = 0; path = Pods_ChatMessenger.framework; sourceTree = BUILT_PRODUCTS_DIR; };
		A70B321C1F55A7F2006D218E /* ChatMessenger.app */ = {isa = PBXFileReference; explicitFileType = wrapper.application; includeInIndex = 0; path = ChatMessenger.app; sourceTree = BUILT_PRODUCTS_DIR; };
		A70B321F1F55A7F2006D218E /* AppDelegate.swift */ = {isa = PBXFileReference; lastKnownFileType = sourcecode.swift; path = AppDelegate.swift; sourceTree = "<group>"; };
		A70B32211F55A7F2006D218E /* ViewController.swift */ = {isa = PBXFileReference; lastKnownFileType = sourcecode.swift; path = ViewController.swift; sourceTree = "<group>"; };
		A70B32241F55A7F2006D218E /* Base */ = {isa = PBXFileReference; lastKnownFileType = file.storyboard; name = Base; path = Base.lproj/Main.storyboard; sourceTree = "<group>"; };
		A70B32261F55A7F2006D218E /* Assets.xcassets */ = {isa = PBXFileReference; lastKnownFileType = folder.assetcatalog; path = Assets.xcassets; sourceTree = "<group>"; };
		A70B32291F55A7F2006D218E /* Base */ = {isa = PBXFileReference; lastKnownFileType = file.storyboard; name = Base; path = Base.lproj/LaunchScreen.storyboard; sourceTree = "<group>"; };
		A70B322B1F55A7F2006D218E /* Info.plist */ = {isa = PBXFileReference; lastKnownFileType = text.plist.xml; path = Info.plist; sourceTree = "<group>"; };
		A70B32311F55A80E006D218E /* Chat.swift */ = {isa = PBXFileReference; fileEncoding = 4; lastKnownFileType = sourcecode.swift; path = Chat.swift; sourceTree = "<group>"; };
		A70B32331F55A971006D218E /* GoogleService-Info.plist */ = {isa = PBXFileReference; fileEncoding = 4; lastKnownFileType = text.plist.xml; path = "GoogleService-Info.plist"; sourceTree = SOURCE_ROOT; };
		F84FF5295805B23F120423D8 /* Pods-ChatMessenger.release.xcconfig */ = {isa = PBXFileReference; includeInIndex = 1; lastKnownFileType = text.xcconfig; name = "Pods-ChatMessenger.release.xcconfig"; path = "Pods/Target Support Files/Pods-ChatMessenger/Pods-ChatMessenger.release.xcconfig"; sourceTree = "<group>"; };
/* End PBXFileReference section */

/* Begin PBXFrameworksBuildPhase section */
		A70B32191F55A7F2006D218E /* Frameworks */ = {
			isa = PBXFrameworksBuildPhase;
			buildActionMask = 2147483647;
			files = (
				4136DC9AF78F18E8EB391CE6 /* Pods_ChatMessenger.framework in Frameworks */,
			);
			runOnlyForDeploymentPostprocessing = 0;
		};
/* End PBXFrameworksBuildPhase section */

/* Begin PBXGroup section */
		52BFE0803E72FABAAEEF8B16 /* Pods */ = {
			isa = PBXGroup;
			children = (
				5D09751B48BCEC80010DEC97 /* Pods-ChatMessenger.debug.xcconfig */,
				F84FF5295805B23F120423D8 /* Pods-ChatMessenger.release.xcconfig */,
			);
			name = Pods;
			sourceTree = "<group>";
		};
		A70B32131F55A7F2006D218E = {
			isa = PBXGroup;
			children = (
				A70B321E1F55A7F2006D218E /* ChatMessenger */,
				A70B321D1F55A7F2006D218E /* Products */,
				52BFE0803E72FABAAEEF8B16 /* Pods */,
				D961DA78CACCB9C9798F05B2 /* Frameworks */,
			);
			sourceTree = "<group>";
		};
		A70B321D1F55A7F2006D218E /* Products */ = {
			isa = PBXGroup;
			children = (
				A70B321C1F55A7F2006D218E /* ChatMessenger.app */,
			);
			name = Products;
			sourceTree = "<group>";
		};
		A70B321E1F55A7F2006D218E /* ChatMessenger */ = {
			isa = PBXGroup;
			children = (
				A70B321F1F55A7F2006D218E /* AppDelegate.swift */,
				A70B32211F55A7F2006D218E /* ViewController.swift */,
				A70B32231F55A7F2006D218E /* Main.storyboard */,
				A70B32331F55A971006D218E /* GoogleService-Info.plist */,
				A70B32261F55A7F2006D218E /* Assets.xcassets */,
				A70B32281F55A7F2006D218E /* LaunchScreen.storyboard */,
				A70B32311F55A80E006D218E /* Chat.swift */,
				A70B322B1F55A7F2006D218E /* Info.plist */,
			);
			path = ChatMessenger;
			sourceTree = "<group>";
		};
		D961DA78CACCB9C9798F05B2 /* Frameworks */ = {
			isa = PBXGroup;
			children = (
				763E7AA92FD13A34714D67F3 /* Pods_ChatMessenger.framework */,
			);
			name = Frameworks;
			sourceTree = "<group>";
		};
/* End PBXGroup section */

/* Begin PBXNativeTarget section */
		A70B321B1F55A7F2006D218E /* ChatMessenger */ = {
			isa = PBXNativeTarget;
			buildConfigurationList = A70B322E1F55A7F2006D218E /* Build configuration list for PBXNativeTarget "ChatMessenger" */;
			buildPhases = (
				2722272580753C3974DD9232 /* [CP] Check Pods Manifest.lock */,
				A70B32181F55A7F2006D218E /* Sources */,
				A70B32191F55A7F2006D218E /* Frameworks */,
				A70B321A1F55A7F2006D218E /* Resources */,
				D4A0D3189504F3A64AAFE10F /* [CP] Embed Pods Frameworks */,
				AAE29E9543AA0A1F582CF880 /* [CP] Copy Pods Resources */,
			);
			buildRules = (
			);
			dependencies = (
			);
			name = ChatMessenger;
			productName = ChatMessenger;
			productReference = A70B321C1F55A7F2006D218E /* ChatMessenger.app */;
			productType = "com.apple.product-type.application";
		};
/* End PBXNativeTarget section */

/* Begin PBXProject section */
		A70B32141F55A7F2006D218E /* Project object */ = {
			isa = PBXProject;
			attributes = {
				LastSwiftUpdateCheck = 0830;
				LastUpgradeCheck = 0830;
				ORGANIZATIONNAME = "Pallak Singh";
				TargetAttributes = {
					A70B321B1F55A7F2006D218E = {
						CreatedOnToolsVersion = 8.3.3;
						DevelopmentTeam = D4G5DGEEY7;
						ProvisioningStyle = Automatic;
					};
				};
			};
			buildConfigurationList = A70B32171F55A7F2006D218E /* Build configuration list for PBXProject "ChatMessenger" */;
			compatibilityVersion = "Xcode 3.2";
			developmentRegion = English;
			hasScannedForEncodings = 0;
			knownRegions = (
				en,
				Base,
			);
			mainGroup = A70B32131F55A7F2006D218E;
			productRefGroup = A70B321D1F55A7F2006D218E /* Products */;
			projectDirPath = "";
			projectRoot = "";
			targets = (
				A70B321B1F55A7F2006D218E /* ChatMessenger */,
			);
		};
/* End PBXProject section */

/* Begin PBXResourcesBuildPhase section */
		A70B321A1F55A7F2006D218E /* Resources */ = {
			isa = PBXResourcesBuildPhase;
			buildActionMask = 2147483647;
			files = (
				A70B322A1F55A7F2006D218E /* LaunchScreen.storyboard in Resources */,
				A70B32341F55A971006D218E /* GoogleService-Info.plist in Resources */,
				A70B32271F55A7F2006D218E /* Assets.xcassets in Resources */,
				A70B32251F55A7F2006D218E /* Main.storyboard in Resources */,
			);
			runOnlyForDeploymentPostprocessing = 0;
		};
/* End PBXResourcesBuildPhase section */

/* Begin PBXShellScriptBuildPhase section */
		2722272580753C3974DD9232 /* [CP] Check Pods Manifest.lock */ = {
			isa = PBXShellScriptBuildPhase;
			buildActionMask = 2147483647;
			files = (
			);
			inputPaths = (
			);
			name = "[CP] Check Pods Manifest.lock";
			outputPaths = (
			);
			runOnlyForDeploymentPostprocessing = 0;
			shellPath = /bin/sh;
			shellScript = "diff \"${PODS_PODFILE_DIR_PATH}/Podfile.lock\" \"${PODS_ROOT}/Manifest.lock\" > /dev/null\nif [ $? != 0 ] ; then\n    # print error to STDERR\n    echo \"error: The sandbox is not in sync with the Podfile.lock. Run 'pod install' or update your CocoaPods installation.\" >&2\n    exit 1\nfi\n";
			showEnvVarsInLog = 0;
		};
		AAE29E9543AA0A1F582CF880 /* [CP] Copy Pods Resources */ = {
			isa = PBXShellScriptBuildPhase;
			buildActionMask = 2147483647;
			files = (
			);
			inputPaths = (
			);
			name = "[CP] Copy Pods Resources";
			outputPaths = (
			);
			runOnlyForDeploymentPostprocessing = 0;
			shellPath = /bin/sh;
			shellScript = "\"${SRCROOT}/Pods/Target Support Files/Pods-ChatMessenger/Pods-ChatMessenger-resources.sh\"\n";
			showEnvVarsInLog = 0;
		};
		D4A0D3189504F3A64AAFE10F /* [CP] Embed Pods Frameworks */ = {
			isa = PBXShellScriptBuildPhase;
			buildActionMask = 2147483647;
			files = (
			);
			inputPaths = (
			);
			name = "[CP] Embed Pods Frameworks";
			outputPaths = (
			);
			runOnlyForDeploymentPostprocessing = 0;
			shellPath = /bin/sh;
			shellScript = "\"${SRCROOT}/Pods/Target Support Files/Pods-ChatMessenger/Pods-ChatMessenger-frameworks.sh\"\n";
			showEnvVarsInLog = 0;
		};
/* End PBXShellScriptBuildPhase section */

/* Begin PBXSourcesBuildPhase section */
		A70B32181F55A7F2006D218E /* Sources */ = {
			isa = PBXSourcesBuildPhase;
			buildActionMask = 2147483647;
			files = (
				A70B32221F55A7F2006D218E /* ViewController.swift in Sources */,
				A70B32321F55A80E006D218E /* Chat.swift in Sources */,
				A70B32201F55A7F2006D218E /* AppDelegate.swift in Sources */,
			);
			runOnlyForDeploymentPostprocessing = 0;
		};
/* End PBXSourcesBuildPhase section */

/* Begin PBXVariantGroup section */
		A70B32231F55A7F2006D218E /* Main.storyboard */ = {
			isa = PBXVariantGroup;
			children = (
				A70B32241F55A7F2006D218E /* Base */,
			);
			name = Main.storyboard;
			sourceTree = "<group>";
		};
		A70B32281F55A7F2006D218E /* LaunchScreen.storyboard */ = {
			isa = PBXVariantGroup;
			children = (
				A70B32291F55A7F2006D218E /* Base */,
			);
			name = LaunchScreen.storyboard;
			sourceTree = "<group>";
		};
/* End PBXVariantGroup section */

/* Begin XCBuildConfiguration section */
		A70B322C1F55A7F2006D218E /* Debug */ = {
			isa = XCBuildConfiguration;
			buildSettings = {
				ALWAYS_SEARCH_USER_PATHS = NO;
				CLANG_ANALYZER_NONNULL = YES;
				CLANG_ANALYZER_NUMBER_OBJECT_CONVERSION = YES_AGGRESSIVE;
				CLANG_CXX_LANGUAGE_STANDARD = "gnu++0x";
				CLANG_CXX_LIBRARY = "libc++";
				CLANG_ENABLE_MODULES = YES;
				CLANG_ENABLE_OBJC_ARC = YES;
				CLANG_WARN_BOOL_CONVERSION = YES;
				CLANG_WARN_CONSTANT_CONVERSION = YES;
				CLANG_WARN_DIRECT_OBJC_ISA_USAGE = YES_ERROR;
				CLANG_WARN_DOCUMENTATION_COMMENTS = YES;
				CLANG_WARN_EMPTY_BODY = YES;
				CLANG_WARN_ENUM_CONVERSION = YES;
				CLANG_WARN_INFINITE_RECURSION = YES;
				CLANG_WARN_INT_CONVERSION = YES;
				CLANG_WARN_OBJC_ROOT_CLASS = YES_ERROR;
				CLANG_WARN_SUSPICIOUS_MOVE = YES;
				CLANG_WARN_UNREACHABLE_CODE = YES;
				CLANG_WARN__DUPLICATE_METHOD_MATCH = YES;
				"CODE_SIGN_IDENTITY[sdk=iphoneos*]" = "iPhone Developer";
				COPY_PHASE_STRIP = NO;
				DEBUG_INFORMATION_FORMAT = dwarf;
				ENABLE_STRICT_OBJC_MSGSEND = YES;
				ENABLE_TESTABILITY = YES;
				GCC_C_LANGUAGE_STANDARD = gnu99;
				GCC_DYNAMIC_NO_PIC = NO;
				GCC_NO_COMMON_BLOCKS = YES;
				GCC_OPTIMIZATION_LEVEL = 0;
				GCC_PREPROCESSOR_DEFINITIONS = (
					"DEBUG=1",
					"$(inherited)",
				);
				GCC_WARN_64_TO_32_BIT_CONVERSION = YES;
				GCC_WARN_ABOUT_RETURN_TYPE = YES_ERROR;
				GCC_WARN_UNDECLARED_SELECTOR = YES;
				GCC_WARN_UNINITIALIZED_AUTOS = YES_AGGRESSIVE;
				GCC_WARN_UNUSED_FUNCTION = YES;
				GCC_WARN_UNUSED_VARIABLE = YES;
				IPHONEOS_DEPLOYMENT_TARGET = 10.3;
				MTL_ENABLE_DEBUG_INFO = YES;
				ONLY_ACTIVE_ARCH = YES;
				SDKROOT = iphoneos;
				SWIFT_ACTIVE_COMPILATION_CONDITIONS = DEBUG;
				SWIFT_OPTIMIZATION_LEVEL = "-Onone";
			};
			name = Debug;
		};
		A70B322D1F55A7F2006D218E /* Release */ = {
			isa = XCBuildConfiguration;
			buildSettings = {
				ALWAYS_SEARCH_USER_PATHS = NO;
				CLANG_ANALYZER_NONNULL = YES;
				CLANG_ANALYZER_NUMBER_OBJECT_CONVERSION = YES_AGGRESSIVE;
				CLANG_CXX_LANGUAGE_STANDARD = "gnu++0x";
				CLANG_CXX_LIBRARY = "libc++";
				CLANG_ENABLE_MODULES = YES;
				CLANG_ENABLE_OBJC_ARC = YES;
				CLANG_WARN_BOOL_CONVERSION = YES;
				CLANG_WARN_CONSTANT_CONVERSION = YES;
				CLANG_WARN_DIRECT_OBJC_ISA_USAGE = YES_ERROR;
				CLANG_WARN_DOCUMENTATION_COMMENTS = YES;
				CLANG_WARN_EMPTY_BODY = YES;
				CLANG_WARN_ENUM_CONVERSION = YES;
				CLANG_WARN_INFINITE_RECURSION = YES;
				CLANG_WARN_INT_CONVERSION = YES;
				CLANG_WARN_OBJC_ROOT_CLASS = YES_ERROR;
				CLANG_WARN_SUSPICIOUS_MOVE = YES;
				CLANG_WARN_UNREACHABLE_CODE = YES;
				CLANG_WARN__DUPLICATE_METHOD_MATCH = YES;
				"CODE_SIGN_IDENTITY[sdk=iphoneos*]" = "iPhone Developer";
				COPY_PHASE_STRIP = NO;
				DEBUG_INFORMATION_FORMAT = "dwarf-with-dsym";
				ENABLE_NS_ASSERTIONS = NO;
				ENABLE_STRICT_OBJC_MSGSEND = YES;
				GCC_C_LANGUAGE_STANDARD = gnu99;
				GCC_NO_COMMON_BLOCKS = YES;
				GCC_WARN_64_TO_32_BIT_CONVERSION = YES;
				GCC_WARN_ABOUT_RETURN_TYPE = YES_ERROR;
				GCC_WARN_UNDECLARED_SELECTOR = YES;
				GCC_WARN_UNINITIALIZED_AUTOS = YES_AGGRESSIVE;
				GCC_WARN_UNUSED_FUNCTION = YES;
				GCC_WARN_UNUSED_VARIABLE = YES;
				IPHONEOS_DEPLOYMENT_TARGET = 10.3;
				MTL_ENABLE_DEBUG_INFO = NO;
				SDKROOT = iphoneos;
				SWIFT_OPTIMIZATION_LEVEL = "-Owholemodule";
				VALIDATE_PRODUCT = YES;
			};
			name = Release;
		};
		A70B322F1F55A7F2006D218E /* Debug */ = {
			isa = XCBuildConfiguration;
			baseConfigurationReference = 5D09751B48BCEC80010DEC97 /* Pods-ChatMessenger.debug.xcconfig */;
			buildSettings = {
				ASSETCATALOG_COMPILER_APPICON_NAME = AppIcon;
				DEVELOPMENT_TEAM = D4G5DGEEY7;
				INFOPLIST_FILE = ChatMessenger/Info.plist;
				LD_RUNPATH_SEARCH_PATHS = "$(inherited) @executable_path/Frameworks";
				PRODUCT_BUNDLE_IDENTIFIER = com.pallaksingh.ChatMessenger;
				PRODUCT_NAME = "$(TARGET_NAME)";
				SWIFT_VERSION = 3.0;
			};
			name = Debug;
		};
		A70B32301F55A7F2006D218E /* Release */ = {
			isa = XCBuildConfiguration;
			baseConfigurationReference = F84FF5295805B23F120423D8 /* Pods-ChatMessenger.release.xcconfig */;
			buildSettings = {
				ASSETCATALOG_COMPILER_APPICON_NAME = AppIcon;
				DEVELOPMENT_TEAM = D4G5DGEEY7;
				INFOPLIST_FILE = ChatMessenger/Info.plist;
				LD_RUNPATH_SEARCH_PATHS = "$(inherited) @executable_path/Frameworks";
				PRODUCT_BUNDLE_IDENTIFIER = com.pallaksingh.ChatMessenger;
				PRODUCT_NAME = "$(TARGET_NAME)";
				SWIFT_VERSION = 3.0;
			};
			name = Release;
		};
/* End XCBuildConfiguration section */

/* Begin XCConfigurationList section */
		A70B32171F55A7F2006D218E /* Build configuration list for PBXProject "ChatMessenger" */ = {
			isa = XCConfigurationList;
			buildConfigurations = (
				A70B322C1F55A7F2006D218E /* Debug */,
				A70B322D1F55A7F2006D218E /* Release */,
			);
			defaultConfigurationIsVisible = 0;
			defaultConfigurationName = Release;
		};
		A70B322E1F55A7F2006D218E /* Build configuration list for PBXNativeTarget "ChatMessenger" */ = {
			isa = XCConfigurationList;
			buildConfigurations = (
				A70B322F1F55A7F2006D218E /* Debug */,
				A70B32301F55A7F2006D218E /* Release */,
			);
			defaultConfigurationIsVisible = 0;
		};
/* End XCConfigurationList section */
	};
	rootObject = A70B32141F55A7F2006D218E /* Project object */;
}
